
Microsoft Visual Studio Solution File, Format Version 12.00
# Visual Studio 15
VisualStudioVersion = 15.0.26124.0
MinimumVisualStudioVersion = 15.0.26124.0
Project("{2150E333-8FDC-42A3-9474-1A3956D46DE8}") = "Code", "Code", "{F4BDF061-58A3-44A3-87C4-57DA2FDBC2C1}"
EndProject
Project("{FAE04EC0-301F-11D3-BF4B-00C04F79EFBC}") = "dotnetMysql.Api", "Code\dotnetMysql.Api\dotnetMysql.Api.csproj", "{350BC6CE-3AC8-4618-A814-A65114F02A64}"
EndProject
Project("{FAE04EC0-301F-11D3-BF4B-00C04F79EFBC}") = "dotnetMysql.Business", "Code\dotnetMysql.Business\dotnetMysql.Business.csproj", "{659E4D93-E94E-41B1-B4EF-4E808D70E51A}"
EndProject
Project("{FAE04EC0-301F-11D3-BF4B-00C04F79EFBC}") = "dotnetMysql.Data", "Code\dotnetMysql.Data\dotnetMysql.Data.csproj", "{0E302D40-5429-44CA-AFE0-BDA6D9ABDC85}"
EndProject
Project("{FAE04EC0-301F-11D3-BF4B-00C04F79EFBC}") = "dotnetMysql.Entities", "Code\dotnetMysql.Entities\dotnetMysql.Entities.csproj", "{5FE80EAD-5970-4FAA-9ADC-D174C0538FF6}"
EndProject
Project("{FAE04EC0-301F-11D3-BF4B-00C04F79EFBC}") = "dotnetMysql.Test.Api", "Code\dotnetMysql.Test.Api\dotnetMysql.Test.Api.csproj", "{FE1587F5-74E5-47CF-9AFA-054EAD6E10BF}"
EndProject
Project("{FAE04EC0-301F-11D3-BF4B-00C04F79EFBC}") = "dotnetMysql.Test.Business", "Code\dotnetMysql.Test.Business\dotnetMysql.Test.Business.csproj", "{69FE3AC5-87D9-49ED-8FD1-F34228684F14}"
EndProject
Project("{FAE04EC0-301F-11D3-BF4B-00C04F79EFBC}") = "dotnetMysql.Test.Framework", "Code\dotnetMysql.Test.Framework\dotnetMysql.Test.Framework.csproj", "{0245F261-CE2D-4D4A-AC9B-8134D2F0DBE2}"
EndProject
Project("{2150E333-8FDC-42A3-9474-1A3956D46DE8}") = "Test", "Test", "{C3F51A55-E105-4A3C-8B31-3BA502023771}"
EndProject
Global
	GlobalSection(SolutionConfigurationPlatforms) = preSolution
		Debug|Any CPU = Debug|Any CPU
		Debug|x64 = Debug|x64
		Debug|x86 = Debug|x86
		Release|Any CPU = Release|Any CPU
		Release|x64 = Release|x64
		Release|x86 = Release|x86
	EndGlobalSection
	GlobalSection(SolutionProperties) = preSolution
		HideSolutionNode = FALSE
	EndGlobalSection
	GlobalSection(ProjectConfigurationPlatforms) = postSolution
		{350BC6CE-3AC8-4618-A814-A65114F02A64}.Debug|Any CPU.ActiveCfg = Debug|Any CPU
		{350BC6CE-3AC8-4618-A814-A65114F02A64}.Debug|Any CPU.Build.0 = Debug|Any CPU
		{350BC6CE-3AC8-4618-A814-A65114F02A64}.Debug|x64.ActiveCfg = Debug|Any CPU
		{350BC6CE-3AC8-4618-A814-A65114F02A64}.Debug|x64.Build.0 = Debug|Any CPU
		{350BC6CE-3AC8-4618-A814-A65114F02A64}.Debug|x86.ActiveCfg = Debug|Any CPU
		{350BC6CE-3AC8-4618-A814-A65114F02A64}.Debug|x86.Build.0 = Debug|Any CPU
		{350BC6CE-3AC8-4618-A814-A65114F02A64}.Release|Any CPU.ActiveCfg = Release|Any CPU
		{350BC6CE-3AC8-4618-A814-A65114F02A64}.Release|Any CPU.Build.0 = Release|Any CPU
		{350BC6CE-3AC8-4618-A814-A65114F02A64}.Release|x64.ActiveCfg = Release|Any CPU
		{350BC6CE-3AC8-4618-A814-A65114F02A64}.Release|x64.Build.0 = Release|Any CPU
		{350BC6CE-3AC8-4618-A814-A65114F02A64}.Release|x86.ActiveCfg = Release|Any CPU
		{350BC6CE-3AC8-4618-A814-A65114F02A64}.Release|x86.Build.0 = Release|Any CPU
		{659E4D93-E94E-41B1-B4EF-4E808D70E51A}.Debug|Any CPU.ActiveCfg = Debug|Any CPU
		{659E4D93-E94E-41B1-B4EF-4E808D70E51A}.Debug|Any CPU.Build.0 = Debug|Any CPU
		{659E4D93-E94E-41B1-B4EF-4E808D70E51A}.Debug|x64.ActiveCfg = Debug|Any CPU
		{659E4D93-E94E-41B1-B4EF-4E808D70E51A}.Debug|x64.Build.0 = Debug|Any CPU
		{659E4D93-E94E-41B1-B4EF-4E808D70E51A}.Debug|x86.ActiveCfg = Debug|Any CPU
		{659E4D93-E94E-41B1-B4EF-4E808D70E51A}.Debug|x86.Build.0 = Debug|Any CPU
		{659E4D93-E94E-41B1-B4EF-4E808D70E51A}.Release|Any CPU.ActiveCfg = Release|Any CPU
		{659E4D93-E94E-41B1-B4EF-4E808D70E51A}.Release|Any CPU.Build.0 = Release|Any CPU
		{659E4D93-E94E-41B1-B4EF-4E808D70E51A}.Release|x64.ActiveCfg = Release|Any CPU
		{659E4D93-E94E-41B1-B4EF-4E808D70E51A}.Release|x64.Build.0 = Release|Any CPU
		{659E4D93-E94E-41B1-B4EF-4E808D70E51A}.Release|x86.ActiveCfg = Release|Any CPU
		{659E4D93-E94E-41B1-B4EF-4E808D70E51A}.Release|x86.Build.0 = Release|Any CPU
		{0E302D40-5429-44CA-AFE0-BDA6D9ABDC85}.Debug|Any CPU.ActiveCfg = Debug|Any CPU
		{0E302D40-5429-44CA-AFE0-BDA6D9ABDC85}.Debug|Any CPU.Build.0 = Debug|Any CPU
		{0E302D40-5429-44CA-AFE0-BDA6D9ABDC85}.Debug|x64.ActiveCfg = Debug|Any CPU
		{0E302D40-5429-44CA-AFE0-BDA6D9ABDC85}.Debug|x64.Build.0 = Debug|Any CPU
		{0E302D40-5429-44CA-AFE0-BDA6D9ABDC85}.Debug|x86.ActiveCfg = Debug|Any CPU
		{0E302D40-5429-44CA-AFE0-BDA6D9ABDC85}.Debug|x86.Build.0 = Debug|Any CPU
		{0E302D40-5429-44CA-AFE0-BDA6D9ABDC85}.Release|Any CPU.ActiveCfg = Release|Any CPU
		{0E302D40-5429-44CA-AFE0-BDA6D9ABDC85}.Release|Any CPU.Build.0 = Release|Any CPU
		{0E302D40-5429-44CA-AFE0-BDA6D9ABDC85}.Release|x64.ActiveCfg = Release|Any CPU
		{0E302D40-5429-44CA-AFE0-BDA6D9ABDC85}.Release|x64.Build.0 = Release|Any CPU
		{0E302D40-5429-44CA-AFE0-BDA6D9ABDC85}.Release|x86.ActiveCfg = Release|Any CPU
		{0E302D40-5429-44CA-AFE0-BDA6D9ABDC85}.Release|x86.Build.0 = Release|Any CPU
		{5FE80EAD-5970-4FAA-9ADC-D174C0538FF6}.Debug|Any CPU.ActiveCfg = Debug|Any CPU
		{5FE80EAD-5970-4FAA-9ADC-D174C0538FF6}.Debug|Any CPU.Build.0 = Debug|Any CPU
		{5FE80EAD-5970-4FAA-9ADC-D174C0538FF6}.Debug|x64.ActiveCfg = Debug|Any CPU
		{5FE80EAD-5970-4FAA-9ADC-D174C0538FF6}.Debug|x64.Build.0 = Debug|Any CPU
		{5FE80EAD-5970-4FAA-9ADC-D174C0538FF6}.Debug|x86.ActiveCfg = Debug|Any CPU
		{5FE80EAD-5970-4FAA-9ADC-D174C0538FF6}.Debug|x86.Build.0 = Debug|Any CPU
		{5FE80EAD-5970-4FAA-9ADC-D174C0538FF6}.Release|Any CPU.ActiveCfg = Release|Any CPU
		{5FE80EAD-5970-4FAA-9ADC-D174C0538FF6}.Release|Any CPU.Build.0 = Release|Any CPU
		{5FE80EAD-5970-4FAA-9ADC-D174C0538FF6}.Release|x64.ActiveCfg = Release|Any CPU
		{5FE80EAD-5970-4FAA-9ADC-D174C0538FF6}.Release|x64.Build.0 = Release|Any CPU
		{5FE80EAD-5970-4FAA-9ADC-D174C0538FF6}.Release|x86.ActiveCfg = Release|Any CPU
		{5FE80EAD-5970-4FAA-9ADC-D174C0538FF6}.Release|x86.Build.0 = Release|Any CPU
		{FE1587F5-74E5-47CF-9AFA-054EAD6E10BF}.Debug|Any CPU.ActiveCfg = Debug|Any CPU
		{FE1587F5-74E5-47CF-9AFA-054EAD6E10BF}.Debug|Any CPU.Build.0 = Debug|Any CPU
		{FE1587F5-74E5-47CF-9AFA-054EAD6E10BF}.Debug|x64.ActiveCfg = Debug|Any CPU
		{FE1587F5-74E5-47CF-9AFA-054EAD6E10BF}.Debug|x64.Build.0 = Debug|Any CPU
		{FE1587F5-74E5-47CF-9AFA-054EAD6E10BF}.Debug|x86.ActiveCfg = Debug|Any CPU
		{FE1587F5-74E5-47CF-9AFA-054EAD6E10BF}.Debug|x86.Build.0 = Debug|Any CPU
		{FE1587F5-74E5-47CF-9AFA-054EAD6E10BF}.Release|Any CPU.ActiveCfg = Release|Any CPU
		{FE1587F5-74E5-47CF-9AFA-054EAD6E10BF}.Release|Any CPU.Build.0 = Release|Any CPU
		{FE1587F5-74E5-47CF-9AFA-054EAD6E10BF}.Release|x64.ActiveCfg = Release|Any CPU
		{FE1587F5-74E5-47CF-9AFA-054EAD6E10BF}.Release|x64.Build.0 = Release|Any CPU
		{FE1587F5-74E5-47CF-9AFA-054EAD6E10BF}.Release|x86.ActiveCfg = Release|Any CPU
		{FE1587F5-74E5-47CF-9AFA-054EAD6E10BF}.Release|x86.Build.0 = Release|Any CPU
		{69FE3AC5-87D9-49ED-8FD1-F34228684F14}.Debug|Any CPU.ActiveCfg = Debug|Any CPU
		{69FE3AC5-87D9-49ED-8FD1-F34228684F14}.Debug|Any CPU.Build.0 = Debug|Any CPU
		{69FE3AC5-87D9-49ED-8FD1-F34228684F14}.Debug|x64.ActiveCfg = Debug|Any CPU
		{69FE3AC5-87D9-49ED-8FD1-F34228684F14}.Debug|x64.Build.0 = Debug|Any CPU
		{69FE3AC5-87D9-49ED-8FD1-F34228684F14}.Debug|x86.ActiveCfg = Debug|Any CPU
		{69FE3AC5-87D9-49ED-8FD1-F34228684F14}.Debug|x86.Build.0 = Debug|Any CPU
		{69FE3AC5-87D9-49ED-8FD1-F34228684F14}.Release|Any CPU.ActiveCfg = Release|Any CPU
		{69FE3AC5-87D9-49ED-8FD1-F34228684F14}.Release|Any CPU.Build.0 = Release|Any CPU
		{69FE3AC5-87D9-49ED-8FD1-F34228684F14}.Release|x64.ActiveCfg = Release|Any CPU
		{69FE3AC5-87D9-49ED-8FD1-F34228684F14}.Release|x64.Build.0 = Release|Any CPU
		{69FE3AC5-87D9-49ED-8FD1-F34228684F14}.Release|x86.ActiveCfg = Release|Any CPU
		{69FE3AC5-87D9-49ED-8FD1-F34228684F14}.Release|x86.Build.0 = Release|Any CPU
		{0245F261-CE2D-4D4A-AC9B-8134D2F0DBE2}.Debug|Any CPU.ActiveCfg = Debug|Any CPU
		{0245F261-CE2D-4D4A-AC9B-8134D2F0DBE2}.Debug|Any CPU.Build.0 = Debug|Any CPU
		{0245F261-CE2D-4D4A-AC9B-8134D2F0DBE2}.Debug|x64.ActiveCfg = Debug|Any CPU
		{0245F261-CE2D-4D4A-AC9B-8134D2F0DBE2}.Debug|x64.Build.0 = Debug|Any CPU
		{0245F261-CE2D-4D4A-AC9B-8134D2F0DBE2}.Debug|x86.ActiveCfg = Debug|Any CPU
		{0245F261-CE2D-4D4A-AC9B-8134D2F0DBE2}.Debug|x86.Build.0 = Debug|Any CPU
		{0245F261-CE2D-4D4A-AC9B-8134D2F0DBE2}.Release|Any CPU.ActiveCfg = Release|Any CPU
		{0245F261-CE2D-4D4A-AC9B-8134D2F0DBE2}.Release|Any CPU.Build.0 = Release|Any CPU
		{0245F261-CE2D-4D4A-AC9B-8134D2F0DBE2}.Release|x64.ActiveCfg = Release|Any CPU
		{0245F261-CE2D-4D4A-AC9B-8134D2F0DBE2}.Release|x64.Build.0 = Release|Any CPU
		{0245F261-CE2D-4D4A-AC9B-8134D2F0DBE2}.Release|x86.ActiveCfg = Release|Any CPU
		{0245F261-CE2D-4D4A-AC9B-8134D2F0DBE2}.Release|x86.Build.0 = Release|Any CPU
	EndGlobalSection
	GlobalSection(NestedProjects) = preSolution
		{350BC6CE-3AC8-4618-A814-A65114F02A64} = {F4BDF061-58A3-44A3-87C4-57DA2FDBC2C1}
		{659E4D93-E94E-41B1-B4EF-4E808D70E51A} = {F4BDF061-58A3-44A3-87C4-57DA2FDBC2C1}
		{0E302D40-5429-44CA-AFE0-BDA6D9ABDC85} = {F4BDF061-58A3-44A3-87C4-57DA2FDBC2C1}
		{5FE80EAD-5970-4FAA-9ADC-D174C0538FF6} = {F4BDF061-58A3-44A3-87C4-57DA2FDBC2C1}
		{FE1587F5-74E5-47CF-9AFA-054EAD6E10BF} = {C3F51A55-E105-4A3C-8B31-3BA502023771}
		{69FE3AC5-87D9-49ED-8FD1-F34228684F14} = {C3F51A55-E105-4A3C-8B31-3BA502023771}
		{0245F261-CE2D-4D4A-AC9B-8134D2F0DBE2} = {C3F51A55-E105-4A3C-8B31-3BA502023771}
	EndGlobalSection
EndGlobal
